{
  "version": 4,
  "terraform_version": "1.2.2",
  "serial": 179,
  "lineage": "d7662a6f-201d-e705-d15c-333c9d8cba33",
  "outputs": {
    "lb_dns_0": {
      "value": "relayers-choice-0-lb-Demo-ddf3ee172832e9e7.elb.us-east-2.amazonaws.com",
      "type": "string"
    },
    "lb_dns_1": {
      "value": "relayers-choice-1-lb-Demo-c4d4dc4833147df1.elb.us-east-2.amazonaws.com",
      "type": "string"
    },
    "lb_dns_2": {
      "value": "relayers-choice-2-lb-Demo-7d46a78b54cf771e.elb.us-east-2.amazonaws.com",
      "type": "string"
    }
  },
  "resources": [
    {
      "mode": "data",
      "type": "aws_acm_certificate",
      "name": "chainsafe_io",
      "provider": "provider[\"registry.terraform.io/hashicorp/aws\"]",
      "instances": [
        {
          "schema_version": 0,
          "attributes": {
            "arn": "arn:aws:acm:us-east-2:500822580415:certificate/5fdb0d71-1b99-4a93-b5a6-b6a895592503",
            "domain": "*.chainsafe.io",
            "id": "arn:aws:acm:us-east-2:500822580415:certificate/5fdb0d71-1b99-4a93-b5a6-b6a895592503",
            "key_types": null,
            "most_recent": false,
            "status": "ISSUED",
            "statuses": [
              "ISSUED"
            ],
            "tags": {},
            "types": null
          },
          "sensitive_attributes": []
        }
      ]
    },
    {
      "mode": "data",
      "type": "aws_subnets",
      "name": "ec2_private_subnets",
      "provider": "provider[\"registry.terraform.io/hashicorp/aws\"]",
      "instances": [
        {
          "schema_version": 0,
          "attributes": {
            "filter": [
              {
                "name": "tag:Name",
                "values": [
                  "relayers-choice-private-subnet"
                ]
              },
              {
                "name": "vpc-id",
                "values": [
                  "vpc-05e950625156efff2"
                ]
              }
            ],
            "id": "us-east-2",
            "ids": [
              "subnet-0e48e6b340d5e1695",
              "subnet-05c9b5ecf49b9c5a2",
              "subnet-06b07858e6acd394f"
            ],
            "tags": null
          },
          "sensitive_attributes": []
        }
      ]
    },
    {
      "mode": "data",
      "type": "aws_subnets",
      "name": "ec2_public_subnets",
      "provider": "provider[\"registry.terraform.io/hashicorp/aws\"]",
      "instances": [
        {
          "schema_version": 0,
          "attributes": {
            "filter": [
              {
                "name": "tag:Name",
                "values": [
                  "relayers-choice-public-subnet"
                ]
              },
              {
                "name": "vpc-id",
                "values": [
                  "vpc-05e950625156efff2"
                ]
              }
            ],
            "id": "us-east-2",
            "ids": [
              "subnet-09996ae60b708a280",
              "subnet-0cbf0b6ea7de8a568",
              "subnet-002fabd78e8bf85d1"
            ],
            "tags": null
          },
          "sensitive_attributes": []
        }
      ]
    },
    {
      "mode": "data",
      "type": "aws_vpc",
      "name": "vpc",
      "provider": "provider[\"registry.terraform.io/hashicorp/aws\"]",
      "instances": [
        {
          "schema_version": 0,
          "attributes": {
            "arn": "arn:aws:ec2:us-east-2:500822580415:vpc/vpc-05e950625156efff2",
            "cidr_block": "10.0.0.0/16",
            "cidr_block_associations": [
              {
                "association_id": "vpc-cidr-assoc-02529ff1c0658c81c",
                "cidr_block": "10.0.0.0/16",
                "state": "associated"
              }
            ],
            "default": false,
            "dhcp_options_id": "dopt-e210d889",
            "enable_dns_hostnames": true,
            "enable_dns_support": true,
            "filter": null,
            "id": "vpc-05e950625156efff2",
            "instance_tenancy": "default",
            "ipv6_association_id": "",
            "ipv6_cidr_block": "",
            "main_route_table_id": "rtb-07a1f10a6137d99e4",
            "owner_id": "500822580415",
            "state": null,
            "tags": {
              "Environment": "STAGE",
              "Name": "relayers-choice-stage-vpc",
              "Project": "relayers-choice",
              "Terraform": "true"
            }
          },
          "sensitive_attributes": []
        }
      ]
    },
    {
      "mode": "managed",
      "type": "aws_appautoscaling_policy",
      "name": "ecs_policy_cpu",
      "provider": "provider[\"registry.terraform.io/hashicorp/aws\"]",
      "instances": [
        {
          "index_key": 0,
          "schema_version": 0,
          "attributes": {
            "arn": "arn:aws:autoscaling:us-east-2:500822580415:scalingPolicy:6b971cf4-92e5-4ec5-980c-d5917c569549:resource/ecs/service/relayer-Demo/relayers-choice-0-service-Demo:policyName/cpu-autoscaling",
            "id": "cpu-autoscaling",
            "name": "cpu-autoscaling",
            "policy_type": "TargetTrackingScaling",
            "resource_id": "service/relayer-Demo/relayers-choice-0-service-Demo",
            "scalable_dimension": "ecs:service:DesiredCount",
            "service_namespace": "ecs",
            "step_scaling_policy_configuration": [],
            "target_tracking_scaling_policy_configuration": [
              {
                "customized_metric_specification": [],
                "disable_scale_in": false,
                "predefined_metric_specification": [
                  {
                    "predefined_metric_type": "ECSServiceAverageCPUUtilization",
                    "resource_label": ""
                  }
                ],
                "scale_in_cooldown": 0,
                "scale_out_cooldown": 0,
                "target_value": 60
              }
            ]
          },
          "sensitive_attributes": [],
          "private": "bnVsbA==",
          "dependencies": [
            "aws_appautoscaling_target.ecs_target",
            "aws_ecs_cluster.main",
            "aws_ecs_service.main",
            "aws_ecs_task_definition.main",
            "aws_iam_role.ecs_task_execution_role",
            "aws_iam_role.ecs_task_role",
            "aws_lb_target_group.http",
            "aws_lb_target_group.tcp",
            "aws_security_group.ecs_tasks",
            "aws_service_discovery_service.ecs-service-discovery",
            "data.aws_subnets.ec2_private_subnets"
          ]
        },
        {
          "index_key": 1,
          "schema_version": 0,
          "attributes": {
            "arn": "arn:aws:autoscaling:us-east-2:500822580415:scalingPolicy:40d9572c-7851-4d2c-82c2-d76e39da9f29:resource/ecs/service/relayer-Demo/relayers-choice-1-service-Demo:policyName/cpu-autoscaling",
            "id": "cpu-autoscaling",
            "name": "cpu-autoscaling",
            "policy_type": "TargetTrackingScaling",
            "resource_id": "service/relayer-Demo/relayers-choice-1-service-Demo",
            "scalable_dimension": "ecs:service:DesiredCount",
            "service_namespace": "ecs",
            "step_scaling_policy_configuration": [],
            "target_tracking_scaling_policy_configuration": [
              {
                "customized_metric_specification": [],
                "disable_scale_in": false,
                "predefined_metric_specification": [
                  {
                    "predefined_metric_type": "ECSServiceAverageCPUUtilization",
                    "resource_label": ""
                  }
                ],
                "scale_in_cooldown": 0,
                "scale_out_cooldown": 0,
                "target_value": 60
              }
            ]
          },
          "sensitive_attributes": [],
          "private": "bnVsbA==",
          "dependencies": [
            "aws_appautoscaling_target.ecs_target",
            "aws_ecs_cluster.main",
            "aws_ecs_service.main",
            "aws_ecs_task_definition.main",
            "aws_iam_role.ecs_task_execution_role",
            "aws_iam_role.ecs_task_role",
            "aws_lb_target_group.http",
            "aws_lb_target_group.tcp",
            "aws_security_group.ecs_tasks",
            "aws_service_discovery_service.ecs-service-discovery",
            "data.aws_subnets.ec2_private_subnets"
          ]
        },
        {
          "index_key": 2,
          "schema_version": 0,
          "attributes": {
            "arn": "arn:aws:autoscaling:us-east-2:500822580415:scalingPolicy:16dcaaad-5497-4509-ba3e-b95e90a94356:resource/ecs/service/relayer-Demo/relayers-choice-2-service-Demo:policyName/cpu-autoscaling",
            "id": "cpu-autoscaling",
            "name": "cpu-autoscaling",
            "policy_type": "TargetTrackingScaling",
            "resource_id": "service/relayer-Demo/relayers-choice-2-service-Demo",
            "scalable_dimension": "ecs:service:DesiredCount",
            "service_namespace": "ecs",
            "step_scaling_policy_configuration": [],
            "target_tracking_scaling_policy_configuration": [
              {
                "customized_metric_specification": [],
                "disable_scale_in": false,
                "predefined_metric_specification": [
                  {
                    "predefined_metric_type": "ECSServiceAverageCPUUtilization",
                    "resource_label": ""
                  }
                ],
                "scale_in_cooldown": 0,
                "scale_out_cooldown": 0,
                "target_value": 60
              }
            ]
          },
          "sensitive_attributes": [],
          "private": "bnVsbA==",
          "dependencies": [
            "aws_appautoscaling_target.ecs_target",
            "aws_ecs_cluster.main",
            "aws_ecs_service.main",
            "aws_ecs_task_definition.main",
            "aws_iam_role.ecs_task_execution_role",
            "aws_iam_role.ecs_task_role",
            "aws_lb_target_group.http",
            "aws_lb_target_group.tcp",
            "aws_security_group.ecs_tasks",
            "aws_service_discovery_service.ecs-service-discovery",
            "data.aws_subnets.ec2_private_subnets"
          ]
        }
      ]
    },
    {
      "mode": "managed",
      "type": "aws_appautoscaling_policy",
      "name": "ecs_policy_memory",
      "provider": "provider[\"registry.terraform.io/hashicorp/aws\"]",
      "instances": [
        {
          "index_key": 0,
          "schema_version": 0,
          "attributes": {
            "arn": "arn:aws:autoscaling:us-east-2:500822580415:scalingPolicy:6b971cf4-92e5-4ec5-980c-d5917c569549:resource/ecs/service/relayer-Demo/relayers-choice-0-service-Demo:policyName/memory-autoscaling",
            "id": "memory-autoscaling",
            "name": "memory-autoscaling",
            "policy_type": "TargetTrackingScaling",
            "resource_id": "service/relayer-Demo/relayers-choice-0-service-Demo",
            "scalable_dimension": "ecs:service:DesiredCount",
            "service_namespace": "ecs",
            "step_scaling_policy_configuration": [],
            "target_tracking_scaling_policy_configuration": [
              {
                "customized_metric_specification": [],
                "disable_scale_in": false,
                "predefined_metric_specification": [
                  {
                    "predefined_metric_type": "ECSServiceAverageMemoryUtilization",
                    "resource_label": ""
                  }
                ],
                "scale_in_cooldown": 0,
                "scale_out_cooldown": 0,
                "target_value": 80
              }
            ]
          },
          "sensitive_attributes": [],
          "private": "bnVsbA==",
          "dependencies": [
            "aws_appautoscaling_target.ecs_target",
            "aws_ecs_cluster.main",
            "aws_ecs_service.main",
            "aws_ecs_task_definition.main",
            "aws_iam_role.ecs_task_execution_role",
            "aws_iam_role.ecs_task_role",
            "aws_lb_target_group.http",
            "aws_lb_target_group.tcp",
            "aws_security_group.ecs_tasks",
            "aws_service_discovery_service.ecs-service-discovery",
            "data.aws_subnets.ec2_private_subnets"
          ]
        },
        {
          "index_key": 1,
          "schema_version": 0,
          "attributes": {
            "arn": "arn:aws:autoscaling:us-east-2:500822580415:scalingPolicy:40d9572c-7851-4d2c-82c2-d76e39da9f29:resource/ecs/service/relayer-Demo/relayers-choice-1-service-Demo:policyName/memory-autoscaling",
            "id": "memory-autoscaling",
            "name": "memory-autoscaling",
            "policy_type": "TargetTrackingScaling",
            "resource_id": "service/relayer-Demo/relayers-choice-1-service-Demo",
            "scalable_dimension": "ecs:service:DesiredCount",
            "service_namespace": "ecs",
            "step_scaling_policy_configuration": [],
            "target_tracking_scaling_policy_configuration": [
              {
                "customized_metric_specification": [],
                "disable_scale_in": false,
                "predefined_metric_specification": [
                  {
                    "predefined_metric_type": "ECSServiceAverageMemoryUtilization",
                    "resource_label": ""
                  }
                ],
                "scale_in_cooldown": 0,
                "scale_out_cooldown": 0,
                "target_value": 80
              }
            ]
          },
          "sensitive_attributes": [],
          "private": "bnVsbA==",
          "dependencies": [
            "aws_appautoscaling_target.ecs_target",
            "aws_ecs_cluster.main",
            "aws_ecs_service.main",
            "aws_ecs_task_definition.main",
            "aws_iam_role.ecs_task_execution_role",
            "aws_iam_role.ecs_task_role",
            "aws_lb_target_group.http",
            "aws_lb_target_group.tcp",
            "aws_security_group.ecs_tasks",
            "aws_service_discovery_service.ecs-service-discovery",
            "data.aws_subnets.ec2_private_subnets"
          ]
        },
        {
          "index_key": 2,
          "schema_version": 0,
          "attributes": {
            "arn": "arn:aws:autoscaling:us-east-2:500822580415:scalingPolicy:16dcaaad-5497-4509-ba3e-b95e90a94356:resource/ecs/service/relayer-Demo/relayers-choice-2-service-Demo:policyName/memory-autoscaling",
            "id": "memory-autoscaling",
            "name": "memory-autoscaling",
            "policy_type": "TargetTrackingScaling",
            "resource_id": "service/relayer-Demo/relayers-choice-2-service-Demo",
            "scalable_dimension": "ecs:service:DesiredCount",
            "service_namespace": "ecs",
            "step_scaling_policy_configuration": [],
            "target_tracking_scaling_policy_configuration": [
              {
                "customized_metric_specification": [],
                "disable_scale_in": false,
                "predefined_metric_specification": [
                  {
                    "predefined_metric_type": "ECSServiceAverageMemoryUtilization",
                    "resource_label": ""
                  }
                ],
                "scale_in_cooldown": 0,
                "scale_out_cooldown": 0,
                "target_value": 80
              }
            ]
          },
          "sensitive_attributes": [],
          "private": "bnVsbA==",
          "dependencies": [
            "aws_appautoscaling_target.ecs_target",
            "aws_ecs_cluster.main",
            "aws_ecs_service.main",
            "aws_ecs_task_definition.main",
            "aws_iam_role.ecs_task_execution_role",
            "aws_iam_role.ecs_task_role",
            "aws_lb_target_group.http",
            "aws_lb_target_group.tcp",
            "aws_security_group.ecs_tasks",
            "aws_service_discovery_service.ecs-service-discovery",
            "data.aws_subnets.ec2_private_subnets"
          ]
        }
      ]
    },
    {
      "mode": "managed",
      "type": "aws_appautoscaling_target",
      "name": "ecs_target",
      "provider": "provider[\"registry.terraform.io/hashicorp/aws\"]",
      "instances": [
        {
          "index_key": 0,
          "schema_version": 0,
          "attributes": {
            "id": "service/relayer-Demo/relayers-choice-0-service-Demo",
            "max_capacity": 4,
            "min_capacity": 1,
            "resource_id": "service/relayer-Demo/relayers-choice-0-service-Demo",
            "role_arn": "arn:aws:iam::500822580415:role/aws-service-role/ecs.application-autoscaling.amazonaws.com/AWSServiceRoleForApplicationAutoScaling_ECSService",
            "scalable_dimension": "ecs:service:DesiredCount",
            "service_namespace": "ecs"
          },
          "sensitive_attributes": [],
          "private": "bnVsbA==",
          "dependencies": [
            "aws_ecs_cluster.main",
            "aws_ecs_service.main",
            "aws_ecs_task_definition.main",
            "aws_iam_role.ecs_task_execution_role",
            "aws_iam_role.ecs_task_role",
            "aws_lb_target_group.http",
            "aws_lb_target_group.tcp",
            "aws_security_group.ecs_tasks",
            "aws_service_discovery_service.ecs-service-discovery",
            "data.aws_subnets.ec2_private_subnets"
          ]
        },
        {
          "index_key": 1,
          "schema_version": 0,
          "attributes": {
            "id": "service/relayer-Demo/relayers-choice-1-service-Demo",
            "max_capacity": 4,
            "min_capacity": 1,
            "resource_id": "service/relayer-Demo/relayers-choice-1-service-Demo",
            "role_arn": "arn:aws:iam::500822580415:role/aws-service-role/ecs.application-autoscaling.amazonaws.com/AWSServiceRoleForApplicationAutoScaling_ECSService",
            "scalable_dimension": "ecs:service:DesiredCount",
            "service_namespace": "ecs"
          },
          "sensitive_attributes": [],
          "private": "bnVsbA==",
          "dependencies": [
            "aws_ecs_cluster.main",
            "aws_ecs_service.main",
            "aws_ecs_task_definition.main",
            "aws_iam_role.ecs_task_execution_role",
            "aws_iam_role.ecs_task_role",
            "aws_lb_target_group.http",
            "aws_lb_target_group.tcp",
            "aws_security_group.ecs_tasks",
            "aws_service_discovery_service.ecs-service-discovery",
            "data.aws_subnets.ec2_private_subnets"
          ]
        },
        {
          "index_key": 2,
          "schema_version": 0,
          "attributes": {
            "id": "service/relayer-Demo/relayers-choice-2-service-Demo",
            "max_capacity": 4,
            "min_capacity": 1,
            "resource_id": "service/relayer-Demo/relayers-choice-2-service-Demo",
            "role_arn": "arn:aws:iam::500822580415:role/aws-service-role/ecs.application-autoscaling.amazonaws.com/AWSServiceRoleForApplicationAutoScaling_ECSService",
            "scalable_dimension": "ecs:service:DesiredCount",
            "service_namespace": "ecs"
          },
          "sensitive_attributes": [],
          "private": "bnVsbA==",
          "dependencies": [
            "aws_ecs_cluster.main",
            "aws_ecs_service.main",
            "aws_ecs_task_definition.main",
            "aws_iam_role.ecs_task_execution_role",
            "aws_iam_role.ecs_task_role",
            "aws_lb_target_group.http",
            "aws_lb_target_group.tcp",
            "aws_security_group.ecs_tasks",
            "aws_service_discovery_service.ecs-service-discovery",
            "data.aws_subnets.ec2_private_subnets"
          ]
        }
      ]
    },
    {
      "mode": "managed",
      "type": "aws_cloudwatch_log_group",
      "name": "logs",
      "provider": "provider[\"registry.terraform.io/hashicorp/aws\"]",
      "instances": [
        {
          "index_key": 0,
          "schema_version": 0,
          "attributes": {
            "arn": "arn:aws:logs:us-east-2:500822580415:log-group:/ecs/relayers-choice-0-Demo",
            "id": "/ecs/relayers-choice-0-Demo",
            "kms_key_id": "",
            "name": "/ecs/relayers-choice-0-Demo",
            "name_prefix": null,
            "retention_in_days": 7,
            "tags": {
              "Name": "/ecs/relayers-choice-0-Demo"
            },
            "tags_all": {
              "Env": "STAGE",
              "Name": "/ecs/relayers-choice-0-Demo",
              "Project": "relayers-choice",
              "Terraform": "true"
            }
          },
          "sensitive_attributes": [],
          "private": "bnVsbA=="
        },
        {
          "index_key": 1,
          "schema_version": 0,
          "attributes": {
            "arn": "arn:aws:logs:us-east-2:500822580415:log-group:/ecs/relayers-choice-1-Demo",
            "id": "/ecs/relayers-choice-1-Demo",
            "kms_key_id": "",
            "name": "/ecs/relayers-choice-1-Demo",
            "name_prefix": null,
            "retention_in_days": 7,
            "tags": {
              "Name": "/ecs/relayers-choice-1-Demo"
            },
            "tags_all": {
              "Env": "STAGE",
              "Name": "/ecs/relayers-choice-1-Demo",
              "Project": "relayers-choice",
              "Terraform": "true"
            }
          },
          "sensitive_attributes": [],
          "private": "bnVsbA=="
        },
        {
          "index_key": 2,
          "schema_version": 0,
          "attributes": {
            "arn": "arn:aws:logs:us-east-2:500822580415:log-group:/ecs/relayers-choice-2-Demo",
            "id": "/ecs/relayers-choice-2-Demo",
            "kms_key_id": "",
            "name": "/ecs/relayers-choice-2-Demo",
            "name_prefix": null,
            "retention_in_days": 7,
            "tags": {
              "Name": "/ecs/relayers-choice-2-Demo"
            },
            "tags_all": {
              "Env": "STAGE",
              "Name": "/ecs/relayers-choice-2-Demo",
              "Project": "relayers-choice",
              "Terraform": "true"
            }
          },
          "sensitive_attributes": [],
          "private": "bnVsbA=="
        }
      ]
    },
    {
      "mode": "managed",
      "type": "aws_ecs_cluster",
      "name": "main",
      "provider": "provider[\"registry.terraform.io/hashicorp/aws\"]",
      "instances": [
        {
          "schema_version": 0,
          "attributes": {
            "arn": "arn:aws:ecs:us-east-2:500822580415:cluster/relayer-Demo",
            "capacity_providers": [],
            "configuration": [],
            "default_capacity_provider_strategy": [],
            "id": "arn:aws:ecs:us-east-2:500822580415:cluster/relayer-Demo",
            "name": "relayer-Demo",
            "setting": [
              {
                "name": "containerInsights",
                "value": "disabled"
              }
            ],
            "tags": {
              "Name": "relayer-Demo"
            },
            "tags_all": {
              "Env": "STAGE",
              "Name": "relayer-Demo",
              "Project": "relayers-choice",
              "Terraform": "true"
            }
          },
          "sensitive_attributes": [],
          "private": "bnVsbA=="
        }
      ]
    },
    {
      "mode": "managed",
      "type": "aws_ecs_service",
      "name": "main",
      "provider": "provider[\"registry.terraform.io/hashicorp/aws\"]",
      "instances": [
        {
          "index_key": 0,
          "schema_version": 0,
          "attributes": {
            "capacity_provider_strategy": [],
            "cluster": "arn:aws:ecs:us-east-2:500822580415:cluster/relayer-Demo",
            "deployment_circuit_breaker": [
              {
                "enable": false,
                "rollback": false
              }
            ],
            "deployment_controller": [
              {
                "type": "ECS"
              }
            ],
            "deployment_maximum_percent": 200,
            "deployment_minimum_healthy_percent": 0,
            "desired_count": 1,
            "enable_ecs_managed_tags": false,
            "enable_execute_command": false,
            "force_new_deployment": null,
            "health_check_grace_period_seconds": 0,
            "iam_role": "aws-service-role",
            "id": "arn:aws:ecs:us-east-2:500822580415:service/relayer-Demo/relayers-choice-0-service-Demo",
            "launch_type": "FARGATE",
            "load_balancer": [
              {
                "container_name": "relayers-choice-0-container-Demo",
                "container_port": 9000,
                "elb_name": "",
                "target_group_arn": "arn:aws:elasticloadbalancing:us-east-2:500822580415:targetgroup/Demo20230215222728549400000002/60f45fd360f0f0ba"
              },
              {
                "container_name": "relayers-choice-0-container-Demo",
                "container_port": 9001,
                "elb_name": "",
                "target_group_arn": "arn:aws:elasticloadbalancing:us-east-2:500822580415:targetgroup/Demo20230215222728549000000001/5c6c31eff912053c"
              }
            ],
            "name": "relayers-choice-0-service-Demo",
            "network_configuration": [
              {
                "assign_public_ip": false,
                "security_groups": [
                  "sg-0a0bf68d1845e0213"
                ],
                "subnets": [
                  "subnet-05c9b5ecf49b9c5a2",
                  "subnet-06b07858e6acd394f",
                  "subnet-0e48e6b340d5e1695"
                ]
              }
            ],
            "ordered_placement_strategy": [],
            "placement_constraints": [],
            "platform_version": "LATEST",
            "propagate_tags": "NONE",
            "scheduling_strategy": "REPLICA",
            "service_registries": [
              {
                "container_name": "relayers-choice-0-container-Demo",
                "container_port": 0,
                "port": 0,
                "registry_arn": "arn:aws:servicediscovery:us-east-2:500822580415:service/srv-iqrxqlg2mua2xjhd"
              }
            ],
            "tags": null,
            "tags_all": {
              "Env": "STAGE",
              "Project": "relayers-choice",
              "Terraform": "true"
            },
            "task_definition": "arn:aws:ecs:us-east-2:500822580415:task-definition/relayers-choice-0-container-Demo:1",
            "timeouts": null,
            "wait_for_steady_state": false
          },
          "sensitive_attributes": [],
          "private": "eyJlMmJmYjczMC1lY2FhLTExZTYtOGY4OC0zNDM2M2JjN2M0YzAiOnsiZGVsZXRlIjoxMjAwMDAwMDAwMDAwfX0=",
          "dependencies": [
            "aws_ecs_cluster.main",
            "aws_ecs_task_definition.main",
            "aws_iam_role.ecs_task_execution_role",
            "aws_iam_role.ecs_task_role",
            "aws_lb_target_group.http",
            "aws_lb_target_group.tcp",
            "aws_security_group.ecs_tasks",
            "aws_service_discovery_service.ecs-service-discovery",
            "data.aws_subnets.ec2_private_subnets"
          ]
        },
        {
          "index_key": 1,
          "schema_version": 0,
          "attributes": {
            "capacity_provider_strategy": [],
            "cluster": "arn:aws:ecs:us-east-2:500822580415:cluster/relayer-Demo",
            "deployment_circuit_breaker": [
              {
                "enable": false,
                "rollback": false
              }
            ],
            "deployment_controller": [
              {
                "type": "ECS"
              }
            ],
            "deployment_maximum_percent": 200,
            "deployment_minimum_healthy_percent": 0,
            "desired_count": 1,
            "enable_ecs_managed_tags": false,
            "enable_execute_command": false,
            "force_new_deployment": null,
            "health_check_grace_period_seconds": 0,
            "iam_role": "aws-service-role",
            "id": "arn:aws:ecs:us-east-2:500822580415:service/relayer-Demo/relayers-choice-1-service-Demo",
            "launch_type": "FARGATE",
            "load_balancer": [
              {
                "container_name": "relayers-choice-1-container-Demo",
                "container_port": 9000,
                "elb_name": "",
                "target_group_arn": "arn:aws:elasticloadbalancing:us-east-2:500822580415:targetgroup/Demo20230218161107589900000004/6ee4c8a885d80ddb"
              },
              {
                "container_name": "relayers-choice-1-container-Demo",
                "container_port": 9001,
                "elb_name": "",
                "target_group_arn": "arn:aws:elasticloadbalancing:us-east-2:500822580415:targetgroup/Demo20230218161107589100000003/929a1dc7eb2c1fe4"
              }
            ],
            "name": "relayers-choice-1-service-Demo",
            "network_configuration": [
              {
                "assign_public_ip": false,
                "security_groups": [
                  "sg-0a0bf68d1845e0213"
                ],
                "subnets": [
                  "subnet-05c9b5ecf49b9c5a2",
                  "subnet-06b07858e6acd394f",
                  "subnet-0e48e6b340d5e1695"
                ]
              }
            ],
            "ordered_placement_strategy": [],
            "placement_constraints": [],
            "platform_version": "LATEST",
            "propagate_tags": "NONE",
            "scheduling_strategy": "REPLICA",
            "service_registries": [
              {
                "container_name": "relayers-choice-1-container-Demo",
                "container_port": 0,
                "port": 0,
                "registry_arn": "arn:aws:servicediscovery:us-east-2:500822580415:service/srv-e6ab4sqhlcq7xdql"
              }
            ],
            "tags": {},
            "tags_all": {
              "Env": "STAGE",
              "Project": "relayers-choice",
              "Terraform": "true"
            },
            "task_definition": "arn:aws:ecs:us-east-2:500822580415:task-definition/relayers-choice-1-container-Demo:1",
            "timeouts": null,
            "wait_for_steady_state": false
          },
          "sensitive_attributes": [],
          "private": "eyJlMmJmYjczMC1lY2FhLTExZTYtOGY4OC0zNDM2M2JjN2M0YzAiOnsiZGVsZXRlIjoxMjAwMDAwMDAwMDAwfX0=",
          "dependencies": [
            "aws_ecs_cluster.main",
            "aws_ecs_task_definition.main",
            "aws_iam_role.ecs_task_execution_role",
            "aws_iam_role.ecs_task_role",
            "aws_lb.main",
            "aws_lb_target_group.http",
            "aws_lb_target_group.tcp",
            "aws_security_group.ecs_tasks",
            "aws_service_discovery_private_dns_namespace.ecs-service-namespace",
            "aws_service_discovery_service.ecs-service-discovery",
            "data.aws_subnets.ec2_private_subnets",
            "data.aws_subnets.ec2_public_subnets",
            "data.aws_vpc.vpc"
          ]
        },
        {
          "index_key": 2,
          "schema_version": 0,
          "attributes": {
            "capacity_provider_strategy": [],
            "cluster": "arn:aws:ecs:us-east-2:500822580415:cluster/relayer-Demo",
            "deployment_circuit_breaker": [
              {
                "enable": false,
                "rollback": false
              }
            ],
            "deployment_controller": [
              {
                "type": "ECS"
              }
            ],
            "deployment_maximum_percent": 200,
            "deployment_minimum_healthy_percent": 0,
            "desired_count": 1,
            "enable_ecs_managed_tags": false,
            "enable_execute_command": false,
            "force_new_deployment": null,
            "health_check_grace_period_seconds": 0,
            "iam_role": "aws-service-role",
            "id": "arn:aws:ecs:us-east-2:500822580415:service/relayer-Demo/relayers-choice-2-service-Demo",
            "launch_type": "FARGATE",
            "load_balancer": [
              {
                "container_name": "relayers-choice-2-container-Demo",
                "container_port": 9000,
                "elb_name": "",
                "target_group_arn": "arn:aws:elasticloadbalancing:us-east-2:500822580415:targetgroup/Demo20230218161107590200000006/388e4d962bafd05d"
              },
              {
                "container_name": "relayers-choice-2-container-Demo",
                "container_port": 9001,
                "elb_name": "",
                "target_group_arn": "arn:aws:elasticloadbalancing:us-east-2:500822580415:targetgroup/Demo20230218161107590100000005/cdf84159f230d1ea"
              }
            ],
            "name": "relayers-choice-2-service-Demo",
            "network_configuration": [
              {
                "assign_public_ip": false,
                "security_groups": [
                  "sg-0a0bf68d1845e0213"
                ],
                "subnets": [
                  "subnet-05c9b5ecf49b9c5a2",
                  "subnet-06b07858e6acd394f",
                  "subnet-0e48e6b340d5e1695"
                ]
              }
            ],
            "ordered_placement_strategy": [],
            "placement_constraints": [],
            "platform_version": "LATEST",
            "propagate_tags": "NONE",
            "scheduling_strategy": "REPLICA",
            "service_registries": [
              {
                "container_name": "relayers-choice-2-container-Demo",
                "container_port": 0,
                "port": 0,
                "registry_arn": "arn:aws:servicediscovery:us-east-2:500822580415:service/srv-hpifliffzmk4gy5v"
              }
            ],
            "tags": {},
            "tags_all": {
              "Env": "STAGE",
              "Project": "relayers-choice",
              "Terraform": "true"
            },
            "task_definition": "arn:aws:ecs:us-east-2:500822580415:task-definition/relayers-choice-2-container-Demo:1",
            "timeouts": null,
            "wait_for_steady_state": false
          },
          "sensitive_attributes": [],
          "private": "eyJlMmJmYjczMC1lY2FhLTExZTYtOGY4OC0zNDM2M2JjN2M0YzAiOnsiZGVsZXRlIjoxMjAwMDAwMDAwMDAwfX0=",
          "dependencies": [
            "aws_ecs_cluster.main",
            "aws_ecs_task_definition.main",
            "aws_iam_role.ecs_task_execution_role",
            "aws_iam_role.ecs_task_role",
            "aws_lb.main",
            "aws_lb_target_group.http",
            "aws_lb_target_group.tcp",
            "aws_security_group.ecs_tasks",
            "aws_service_discovery_private_dns_namespace.ecs-service-namespace",
            "aws_service_discovery_service.ecs-service-discovery",
            "data.aws_subnets.ec2_private_subnets",
            "data.aws_subnets.ec2_public_subnets",
            "data.aws_vpc.vpc"
          ]
        }
      ]
    },
    {
      "mode": "managed",
      "type": "aws_ecs_task_definition",
      "name": "main",
      "provider": "provider[\"registry.terraform.io/hashicorp/aws\"]",
      "instances": [
        {
          "index_key": 0,
          "schema_version": 1,
          "attributes": {
            "arn": "arn:aws:ecs:us-east-2:500822580415:task-definition/relayers-choice-0-container-Demo:1",
            "container_definitions": "[{\"cpu\":256,\"environment\":[],\"essential\":true,\"image\":\"relayer-demo:Demo\",\"memory\":512,\"mountPoints\":[],\"name\":\"relayers-choice-0-container-Demo\",\"portMappings\":[{\"containerPort\":9000,\"hostPort\":9000,\"protocol\":\"tcp\"},{\"containerPort\":9001,\"hostPort\":9001,\"protocol\":\"tcp\"}],\"volumesFrom\":[]}]",
            "cpu": "256",
            "ephemeral_storage": [],
            "execution_role_arn": "arn:aws:iam::500822580415:role/relayers-choice-ecsTaskExecutionRole",
            "family": "relayers-choice-0-container-Demo",
            "id": "relayers-choice-0-container-Demo",
            "inference_accelerator": [],
            "ipc_mode": "",
            "memory": "512",
            "network_mode": "awsvpc",
            "pid_mode": "",
            "placement_constraints": [],
            "proxy_configuration": [],
            "requires_compatibilities": [
              "FARGATE"
            ],
            "revision": 1,
            "runtime_platform": [],
            "skip_destroy": false,
            "tags": null,
            "tags_all": {
              "Env": "STAGE",
              "Project": "relayers-choice",
              "Terraform": "true"
            },
            "task_role_arn": "arn:aws:iam::500822580415:role/relayers-choice-ecsTaskRole",
            "volume": []
          },
          "sensitive_attributes": [],
          "private": "eyJzY2hlbWFfdmVyc2lvbiI6IjEifQ==",
          "dependencies": [
            "aws_iam_role.ecs_task_execution_role",
            "aws_iam_role.ecs_task_role"
          ]
        },
        {
          "index_key": 1,
          "schema_version": 1,
          "attributes": {
            "arn": "arn:aws:ecs:us-east-2:500822580415:task-definition/relayers-choice-1-container-Demo:1",
            "container_definitions": "[{\"cpu\":256,\"environment\":[],\"essential\":true,\"image\":\"relayer-demo:Demo\",\"memory\":512,\"mountPoints\":[],\"name\":\"relayers-choice-1-container-Demo\",\"portMappings\":[{\"containerPort\":9000,\"hostPort\":9000,\"protocol\":\"tcp\"},{\"containerPort\":9001,\"hostPort\":9001,\"protocol\":\"tcp\"}],\"volumesFrom\":[]}]",
            "cpu": "256",
            "ephemeral_storage": [],
            "execution_role_arn": "arn:aws:iam::500822580415:role/relayers-choice-ecsTaskExecutionRole",
            "family": "relayers-choice-1-container-Demo",
            "id": "relayers-choice-1-container-Demo",
            "inference_accelerator": [],
            "ipc_mode": "",
            "memory": "512",
            "network_mode": "awsvpc",
            "pid_mode": "",
            "placement_constraints": [],
            "proxy_configuration": [],
            "requires_compatibilities": [
              "FARGATE"
            ],
            "revision": 1,
            "runtime_platform": [],
            "skip_destroy": false,
            "tags": {},
            "tags_all": {
              "Env": "STAGE",
              "Project": "relayers-choice",
              "Terraform": "true"
            },
            "task_role_arn": "arn:aws:iam::500822580415:role/relayers-choice-ecsTaskRole",
            "volume": []
          },
          "sensitive_attributes": [],
          "private": "eyJzY2hlbWFfdmVyc2lvbiI6IjEifQ==",
          "dependencies": [
            "aws_iam_role.ecs_task_execution_role",
            "aws_iam_role.ecs_task_role"
          ]
        },
        {
          "index_key": 2,
          "schema_version": 1,
          "attributes": {
            "arn": "arn:aws:ecs:us-east-2:500822580415:task-definition/relayers-choice-2-container-Demo:1",
            "container_definitions": "[{\"cpu\":256,\"environment\":[],\"essential\":true,\"image\":\"relayer-demo:Demo\",\"memory\":512,\"mountPoints\":[],\"name\":\"relayers-choice-2-container-Demo\",\"portMappings\":[{\"containerPort\":9000,\"hostPort\":9000,\"protocol\":\"tcp\"},{\"containerPort\":9001,\"hostPort\":9001,\"protocol\":\"tcp\"}],\"volumesFrom\":[]}]",
            "cpu": "256",
            "ephemeral_storage": [],
            "execution_role_arn": "arn:aws:iam::500822580415:role/relayers-choice-ecsTaskExecutionRole",
            "family": "relayers-choice-2-container-Demo",
            "id": "relayers-choice-2-container-Demo",
            "inference_accelerator": [],
            "ipc_mode": "",
            "memory": "512",
            "network_mode": "awsvpc",
            "pid_mode": "",
            "placement_constraints": [],
            "proxy_configuration": [],
            "requires_compatibilities": [
              "FARGATE"
            ],
            "revision": 1,
            "runtime_platform": [],
            "skip_destroy": false,
            "tags": {},
            "tags_all": {
              "Env": "STAGE",
              "Project": "relayers-choice",
              "Terraform": "true"
            },
            "task_role_arn": "arn:aws:iam::500822580415:role/relayers-choice-ecsTaskRole",
            "volume": []
          },
          "sensitive_attributes": [],
          "private": "eyJzY2hlbWFfdmVyc2lvbiI6IjEifQ==",
          "dependencies": [
            "aws_iam_role.ecs_task_execution_role",
            "aws_iam_role.ecs_task_role"
          ]
        }
      ]
    },
    {
      "mode": "managed",
      "type": "aws_efs_file_system",
      "name": "efs",
      "provider": "provider[\"registry.terraform.io/hashicorp/aws\"]",
      "instances": [
        {
          "schema_version": 0,
          "attributes": {
            "arn": "arn:aws:elasticfilesystem:us-east-2:500822580415:file-system/fs-0838f17409b0e572b",
            "availability_zone_id": "",
            "availability_zone_name": "",
            "creation_token": "terraform-20230215103713854500000001",
            "dns_name": "fs-0838f17409b0e572b.efs.us-east-2.amazonaws.com",
            "encrypted": false,
            "id": "fs-0838f17409b0e572b",
            "kms_key_id": "",
            "lifecycle_policy": [],
            "number_of_mount_targets": 3,
            "owner_id": "500822580415",
            "performance_mode": "generalPurpose",
            "provisioned_throughput_in_mibps": 0,
            "size_in_bytes": [
              {
                "value": 6144,
                "value_in_ia": 0,
                "value_in_standard": 6144
              }
            ],
            "tags": {
              "Name": "relayers-choice-efs-Demo"
            },
            "tags_all": {
              "Env": "STAGE",
              "Name": "relayers-choice-efs-Demo",
              "Project": "relayers-choice",
              "Terraform": "true"
            },
            "throughput_mode": "bursting"
          },
          "sensitive_attributes": [],
          "private": "bnVsbA=="
        }
      ]
    },
    {
      "mode": "managed",
      "type": "aws_efs_mount_target",
      "name": "main",
      "provider": "provider[\"registry.terraform.io/hashicorp/aws\"]",
      "instances": [
        {
          "index_key": 0,
          "schema_version": 0,
          "attributes": {
            "availability_zone_id": "use2-az1",
            "availability_zone_name": "us-east-2a",
            "dns_name": "fs-0838f17409b0e572b.efs.us-east-2.amazonaws.com",
            "file_system_arn": "arn:aws:elasticfilesystem:us-east-2:500822580415:file-system/fs-0838f17409b0e572b",
            "file_system_id": "fs-0838f17409b0e572b",
            "id": "fsmt-078c7ae98cc10a94f",
            "ip_address": "10.0.1.77",
            "mount_target_dns_name": "us-east-2a.fs-0838f17409b0e572b.efs.us-east-2.amazonaws.com",
            "network_interface_id": "eni-0240277c5b47ae69d",
            "owner_id": "500822580415",
            "security_groups": [
              "sg-009cb48e089cf6cc2"
            ],
            "subnet_id": "subnet-0e48e6b340d5e1695"
          },
          "sensitive_attributes": [],
          "private": "bnVsbA==",
          "dependencies": [
            "aws_efs_file_system.efs",
            "aws_security_group.efs",
            "data.aws_subnets.ec2_private_subnets",
            "data.aws_vpc.vpc"
          ]
        },
        {
          "index_key": 1,
          "schema_version": 0,
          "attributes": {
            "availability_zone_id": "use2-az3",
            "availability_zone_name": "us-east-2c",
            "dns_name": "fs-0838f17409b0e572b.efs.us-east-2.amazonaws.com",
            "file_system_arn": "arn:aws:elasticfilesystem:us-east-2:500822580415:file-system/fs-0838f17409b0e572b",
            "file_system_id": "fs-0838f17409b0e572b",
            "id": "fsmt-0373e056587e83e82",
            "ip_address": "10.0.5.252",
            "mount_target_dns_name": "us-east-2c.fs-0838f17409b0e572b.efs.us-east-2.amazonaws.com",
            "network_interface_id": "eni-0b6a99c00ac6720c7",
            "owner_id": "500822580415",
            "security_groups": [
              "sg-009cb48e089cf6cc2"
            ],
            "subnet_id": "subnet-05c9b5ecf49b9c5a2"
          },
          "sensitive_attributes": [],
          "private": "bnVsbA==",
          "dependencies": [
            "aws_efs_file_system.efs",
            "aws_security_group.efs",
            "data.aws_subnets.ec2_private_subnets",
            "data.aws_vpc.vpc"
          ]
        },
        {
          "index_key": 2,
          "schema_version": 0,
          "attributes": {
            "availability_zone_id": "use2-az2",
            "availability_zone_name": "us-east-2b",
            "dns_name": "fs-0838f17409b0e572b.efs.us-east-2.amazonaws.com",
            "file_system_arn": "arn:aws:elasticfilesystem:us-east-2:500822580415:file-system/fs-0838f17409b0e572b",
            "file_system_id": "fs-0838f17409b0e572b",
            "id": "fsmt-04945a7772d809f7c",
            "ip_address": "10.0.3.152",
            "mount_target_dns_name": "us-east-2b.fs-0838f17409b0e572b.efs.us-east-2.amazonaws.com",
            "network_interface_id": "eni-00a9ce0f8721b4014",
            "owner_id": "500822580415",
            "security_groups": [
              "sg-009cb48e089cf6cc2"
            ],
            "subnet_id": "subnet-06b07858e6acd394f"
          },
          "sensitive_attributes": [],
          "private": "bnVsbA==",
          "dependencies": [
            "aws_efs_file_system.efs",
            "aws_security_group.efs",
            "data.aws_subnets.ec2_private_subnets",
            "data.aws_vpc.vpc"
          ]
        }
      ]
    },
    {
      "mode": "managed",
      "type": "aws_iam_policy",
      "name": "task_policy",
      "provider": "provider[\"registry.terraform.io/hashicorp/aws\"]",
      "instances": [
        {
          "schema_version": 0,
          "attributes": {
            "arn": "arn:aws:iam::500822580415:policy/relayers-choice-task-policy",
            "description": "Task App policy",
            "id": "arn:aws:iam::500822580415:policy/relayers-choice-task-policy",
            "name": "relayers-choice-task-policy",
            "name_prefix": null,
            "path": "/",
            "policy": "{\"Statement\":[{\"Action\":[\"ssm:GetParameter*\",\"ssm:DescribeParameters\",\"kms:Decrypt\",\"s3:*\"],\"Effect\":\"Allow\",\"Resource\":\"*\"}],\"Version\":\"2012-10-17\"}",
            "policy_id": "ANPAXJG22DS7T37GNXYMO",
            "tags": {},
            "tags_all": {
              "Env": "STAGE",
              "Project": "relayers-choice",
              "Terraform": "true"
            }
          },
          "sensitive_attributes": [],
          "private": "bnVsbA=="
        }
      ]
    },
    {
      "mode": "managed",
      "type": "aws_iam_role",
      "name": "ecs_task_execution_role",
      "provider": "provider[\"registry.terraform.io/hashicorp/aws\"]",
      "instances": [
        {
          "schema_version": 0,
          "attributes": {
            "arn": "arn:aws:iam::500822580415:role/relayers-choice-ecsTaskExecutionRole",
            "assume_role_policy": "{\"Version\":\"2012-10-17\",\"Statement\":[{\"Sid\":\"\",\"Effect\":\"Allow\",\"Principal\":{\"Service\":\"ecs-tasks.amazonaws.com\"},\"Action\":\"sts:AssumeRole\"}]}",
            "create_date": "2023-02-15T10:48:44Z",
            "description": "",
            "force_detach_policies": false,
            "id": "relayers-choice-ecsTaskExecutionRole",
            "inline_policy": [
              {
                "name": "",
                "policy": ""
              }
            ],
            "managed_policy_arns": [
              "arn:aws:iam::500822580415:policy/relayers-choice-task-policy",
              "arn:aws:iam::aws:policy/service-role/AmazonECSTaskExecutionRolePolicy"
            ],
            "max_session_duration": 3600,
            "name": "relayers-choice-ecsTaskExecutionRole",
            "name_prefix": "",
            "path": "/",
            "permissions_boundary": null,
            "tags": {},
            "tags_all": {
              "Env": "STAGE",
              "Project": "relayers-choice",
              "Terraform": "true"
            },
            "unique_id": "AROAXJG22DS774OMIBA4S"
          },
          "sensitive_attributes": [],
          "private": "bnVsbA=="
        }
      ]
    },
    {
      "mode": "managed",
      "type": "aws_iam_role",
      "name": "ecs_task_role",
      "provider": "provider[\"registry.terraform.io/hashicorp/aws\"]",
      "instances": [
        {
          "schema_version": 0,
          "attributes": {
            "arn": "arn:aws:iam::500822580415:role/relayers-choice-ecsTaskRole",
            "assume_role_policy": "{\"Version\":\"2012-10-17\",\"Statement\":[{\"Sid\":\"\",\"Effect\":\"Allow\",\"Principal\":{\"Service\":\"ecs-tasks.amazonaws.com\"},\"Action\":\"sts:AssumeRole\"}]}",
            "create_date": "2023-02-15T10:48:44Z",
            "description": "",
            "force_detach_policies": false,
            "id": "relayers-choice-ecsTaskRole",
            "inline_policy": [
              {
                "name": "",
                "policy": ""
              }
            ],
            "managed_policy_arns": [
              "arn:aws:iam::500822580415:policy/relayers-choice-task-policy"
            ],
            "max_session_duration": 3600,
            "name": "relayers-choice-ecsTaskRole",
            "name_prefix": "",
            "path": "/",
            "permissions_boundary": null,
            "tags": {},
            "tags_all": {
              "Env": "STAGE",
              "Project": "relayers-choice",
              "Terraform": "true"
            },
            "unique_id": "AROAXJG22DS73F5FBPHLN"
          },
          "sensitive_attributes": [],
          "private": "bnVsbA=="
        }
      ]
    },
    {
      "mode": "managed",
      "type": "aws_iam_role_policy_attachment",
      "name": "ecs-ssm-role-policy-attachment",
      "provider": "provider[\"registry.terraform.io/hashicorp/aws\"]",
      "instances": [
        {
          "schema_version": 0,
          "attributes": {
            "id": "relayers-choice-ecsTaskExecutionRole-20230215104846070700000004",
            "policy_arn": "arn:aws:iam::500822580415:policy/relayers-choice-task-policy",
            "role": "relayers-choice-ecsTaskExecutionRole"
          },
          "sensitive_attributes": [],
          "private": "bnVsbA==",
          "dependencies": [
            "aws_iam_policy.task_policy",
            "aws_iam_role.ecs_task_execution_role"
          ]
        }
      ]
    },
    {
      "mode": "managed",
      "type": "aws_iam_role_policy_attachment",
      "name": "ecs-task-execution-role-policy-attachment",
      "provider": "provider[\"registry.terraform.io/hashicorp/aws\"]",
      "instances": [
        {
          "schema_version": 0,
          "attributes": {
            "id": "relayers-choice-ecsTaskExecutionRole-20230215104845779400000002",
            "policy_arn": "arn:aws:iam::aws:policy/service-role/AmazonECSTaskExecutionRolePolicy",
            "role": "relayers-choice-ecsTaskExecutionRole"
          },
          "sensitive_attributes": [],
          "private": "bnVsbA==",
          "dependencies": [
            "aws_iam_role.ecs_task_execution_role"
          ]
        }
      ]
    },
    {
      "mode": "managed",
      "type": "aws_iam_role_policy_attachment",
      "name": "ecs-task-role-policy-attachment",
      "provider": "provider[\"registry.terraform.io/hashicorp/aws\"]",
      "instances": [
        {
          "schema_version": 0,
          "attributes": {
            "id": "relayers-choice-ecsTaskRole-20230215104845783700000003",
            "policy_arn": "arn:aws:iam::500822580415:policy/relayers-choice-task-policy",
            "role": "relayers-choice-ecsTaskRole"
          },
          "sensitive_attributes": [],
          "private": "bnVsbA==",
          "dependencies": [
            "aws_iam_policy.task_policy",
            "aws_iam_role.ecs_task_role"
          ]
        }
      ]
    },
    {
      "mode": "managed",
      "type": "aws_lb",
      "name": "main",
      "provider": "provider[\"registry.terraform.io/hashicorp/aws\"]",
      "instances": [
        {
          "index_key": 0,
          "schema_version": 0,
          "attributes": {
            "access_logs": [
              {
                "bucket": "",
                "enabled": false,
                "prefix": ""
              }
            ],
            "arn": "arn:aws:elasticloadbalancing:us-east-2:500822580415:loadbalancer/net/relayers-choice-0-lb-Demo/ddf3ee172832e9e7",
            "arn_suffix": "net/relayers-choice-0-lb-Demo/ddf3ee172832e9e7",
            "customer_owned_ipv4_pool": "",
            "desync_mitigation_mode": null,
            "dns_name": "relayers-choice-0-lb-Demo-ddf3ee172832e9e7.elb.us-east-2.amazonaws.com",
            "drop_invalid_header_fields": null,
            "enable_cross_zone_load_balancing": true,
            "enable_deletion_protection": false,
            "enable_http2": null,
            "enable_waf_fail_open": null,
            "id": "arn:aws:elasticloadbalancing:us-east-2:500822580415:loadbalancer/net/relayers-choice-0-lb-Demo/ddf3ee172832e9e7",
            "idle_timeout": null,
            "internal": false,
            "ip_address_type": "ipv4",
            "load_balancer_type": "network",
            "name": "relayers-choice-0-lb-Demo",
            "name_prefix": null,
            "security_groups": [],
            "subnet_mapping": [
              {
                "allocation_id": "",
                "ipv6_address": "",
                "outpost_id": "",
                "private_ipv4_address": "",
                "subnet_id": "subnet-002fabd78e8bf85d1"
              },
              {
                "allocation_id": "",
                "ipv6_address": "",
                "outpost_id": "",
                "private_ipv4_address": "",
                "subnet_id": "subnet-09996ae60b708a280"
              },
              {
                "allocation_id": "",
                "ipv6_address": "",
                "outpost_id": "",
                "private_ipv4_address": "",
                "subnet_id": "subnet-0cbf0b6ea7de8a568"
              }
            ],
            "subnets": [
              "subnet-002fabd78e8bf85d1",
              "subnet-09996ae60b708a280",
              "subnet-0cbf0b6ea7de8a568"
            ],
            "tags": {},
            "tags_all": {
              "Env": "STAGE",
              "Project": "relayers-choice",
              "Terraform": "true"
            },
            "timeouts": null,
            "vpc_id": "vpc-05e950625156efff2",
            "zone_id": "ZLMOA37VPKANP"
          },
          "sensitive_attributes": [],
          "private": "eyJlMmJmYjczMC1lY2FhLTExZTYtOGY4OC0zNDM2M2JjN2M0YzAiOnsiY3JlYXRlIjo2MDAwMDAwMDAwMDAsImRlbGV0ZSI6NjAwMDAwMDAwMDAwLCJ1cGRhdGUiOjYwMDAwMDAwMDAwMH19",
          "dependencies": [
            "data.aws_subnets.ec2_public_subnets",
            "data.aws_vpc.vpc"
          ],
          "create_before_destroy": true
        },
        {
          "index_key": 1,
          "schema_version": 0,
          "attributes": {
            "access_logs": [
              {
                "bucket": "",
                "enabled": false,
                "prefix": ""
              }
            ],
            "arn": "arn:aws:elasticloadbalancing:us-east-2:500822580415:loadbalancer/net/relayers-choice-1-lb-Demo/c4d4dc4833147df1",
            "arn_suffix": "net/relayers-choice-1-lb-Demo/c4d4dc4833147df1",
            "customer_owned_ipv4_pool": "",
            "desync_mitigation_mode": null,
            "dns_name": "relayers-choice-1-lb-Demo-c4d4dc4833147df1.elb.us-east-2.amazonaws.com",
            "drop_invalid_header_fields": null,
            "enable_cross_zone_load_balancing": true,
            "enable_deletion_protection": false,
            "enable_http2": null,
            "enable_waf_fail_open": null,
            "id": "arn:aws:elasticloadbalancing:us-east-2:500822580415:loadbalancer/net/relayers-choice-1-lb-Demo/c4d4dc4833147df1",
            "idle_timeout": null,
            "internal": false,
            "ip_address_type": "ipv4",
            "load_balancer_type": "network",
            "name": "relayers-choice-1-lb-Demo",
            "name_prefix": null,
            "security_groups": [],
            "subnet_mapping": [
              {
                "allocation_id": "",
                "ipv6_address": "",
                "outpost_id": "",
                "private_ipv4_address": "",
                "subnet_id": "subnet-002fabd78e8bf85d1"
              },
              {
                "allocation_id": "",
                "ipv6_address": "",
                "outpost_id": "",
                "private_ipv4_address": "",
                "subnet_id": "subnet-09996ae60b708a280"
              },
              {
                "allocation_id": "",
                "ipv6_address": "",
                "outpost_id": "",
                "private_ipv4_address": "",
                "subnet_id": "subnet-0cbf0b6ea7de8a568"
              }
            ],
            "subnets": [
              "subnet-002fabd78e8bf85d1",
              "subnet-09996ae60b708a280",
              "subnet-0cbf0b6ea7de8a568"
            ],
            "tags": {},
            "tags_all": {
              "Env": "STAGE",
              "Project": "relayers-choice",
              "Terraform": "true"
            },
            "timeouts": null,
            "vpc_id": "vpc-05e950625156efff2",
            "zone_id": "ZLMOA37VPKANP"
          },
          "sensitive_attributes": [],
          "private": "eyJlMmJmYjczMC1lY2FhLTExZTYtOGY4OC0zNDM2M2JjN2M0YzAiOnsiY3JlYXRlIjo2MDAwMDAwMDAwMDAsImRlbGV0ZSI6NjAwMDAwMDAwMDAwLCJ1cGRhdGUiOjYwMDAwMDAwMDAwMH19",
          "dependencies": [
            "data.aws_subnets.ec2_public_subnets",
            "data.aws_vpc.vpc"
          ],
          "create_before_destroy": true
        },
        {
          "index_key": 2,
          "schema_version": 0,
          "attributes": {
            "access_logs": [
              {
                "bucket": "",
                "enabled": false,
                "prefix": ""
              }
            ],
            "arn": "arn:aws:elasticloadbalancing:us-east-2:500822580415:loadbalancer/net/relayers-choice-2-lb-Demo/7d46a78b54cf771e",
            "arn_suffix": "net/relayers-choice-2-lb-Demo/7d46a78b54cf771e",
            "customer_owned_ipv4_pool": "",
            "desync_mitigation_mode": null,
            "dns_name": "relayers-choice-2-lb-Demo-7d46a78b54cf771e.elb.us-east-2.amazonaws.com",
            "drop_invalid_header_fields": null,
            "enable_cross_zone_load_balancing": true,
            "enable_deletion_protection": false,
            "enable_http2": null,
            "enable_waf_fail_open": null,
            "id": "arn:aws:elasticloadbalancing:us-east-2:500822580415:loadbalancer/net/relayers-choice-2-lb-Demo/7d46a78b54cf771e",
            "idle_timeout": null,
            "internal": false,
            "ip_address_type": "ipv4",
            "load_balancer_type": "network",
            "name": "relayers-choice-2-lb-Demo",
            "name_prefix": null,
            "security_groups": [],
            "subnet_mapping": [
              {
                "allocation_id": "",
                "ipv6_address": "",
                "outpost_id": "",
                "private_ipv4_address": "",
                "subnet_id": "subnet-002fabd78e8bf85d1"
              },
              {
                "allocation_id": "",
                "ipv6_address": "",
                "outpost_id": "",
                "private_ipv4_address": "",
                "subnet_id": "subnet-09996ae60b708a280"
              },
              {
                "allocation_id": "",
                "ipv6_address": "",
                "outpost_id": "",
                "private_ipv4_address": "",
                "subnet_id": "subnet-0cbf0b6ea7de8a568"
              }
            ],
            "subnets": [
              "subnet-002fabd78e8bf85d1",
              "subnet-09996ae60b708a280",
              "subnet-0cbf0b6ea7de8a568"
            ],
            "tags": {},
            "tags_all": {
              "Env": "STAGE",
              "Project": "relayers-choice",
              "Terraform": "true"
            },
            "timeouts": null,
            "vpc_id": "vpc-05e950625156efff2",
            "zone_id": "ZLMOA37VPKANP"
          },
          "sensitive_attributes": [],
          "private": "eyJlMmJmYjczMC1lY2FhLTExZTYtOGY4OC0zNDM2M2JjN2M0YzAiOnsiY3JlYXRlIjo2MDAwMDAwMDAwMDAsImRlbGV0ZSI6NjAwMDAwMDAwMDAwLCJ1cGRhdGUiOjYwMDAwMDAwMDAwMH19",
          "dependencies": [
            "data.aws_subnets.ec2_public_subnets",
            "data.aws_vpc.vpc"
          ],
          "create_before_destroy": true
        }
      ]
    },
    {
      "mode": "managed",
      "type": "aws_lb_listener",
      "name": "http",
      "provider": "provider[\"registry.terraform.io/hashicorp/aws\"]",
      "instances": [
        {
          "index_key": 0,
          "schema_version": 0,
          "attributes": {
            "alpn_policy": null,
            "arn": "arn:aws:elasticloadbalancing:us-east-2:500822580415:listener/net/relayers-choice-0-lb-Demo/ddf3ee172832e9e7/217aa7993342a266",
            "certificate_arn": null,
            "default_action": [
              {
                "authenticate_cognito": [],
                "authenticate_oidc": [],
                "fixed_response": [],
                "forward": [],
                "order": 1,
                "redirect": [],
                "target_group_arn": "arn:aws:elasticloadbalancing:us-east-2:500822580415:targetgroup/Demo20230215222728549000000001/5c6c31eff912053c",
                "type": "forward"
              }
            ],
            "id": "arn:aws:elasticloadbalancing:us-east-2:500822580415:listener/net/relayers-choice-0-lb-Demo/ddf3ee172832e9e7/217aa7993342a266",
            "load_balancer_arn": "arn:aws:elasticloadbalancing:us-east-2:500822580415:loadbalancer/net/relayers-choice-0-lb-Demo/ddf3ee172832e9e7",
            "port": 9001,
            "protocol": "TCP",
            "ssl_policy": "",
            "tags": {},
            "tags_all": {
              "Env": "STAGE",
              "Project": "relayers-choice",
              "Terraform": "true"
            },
            "timeouts": null
          },
          "sensitive_attributes": [],
          "private": "eyJlMmJmYjczMC1lY2FhLTExZTYtOGY4OC0zNDM2M2JjN2M0YzAiOnsicmVhZCI6NjAwMDAwMDAwMDAwfX0=",
          "dependencies": [
            "aws_lb.main",
            "aws_lb_target_group.http",
            "data.aws_subnets.ec2_public_subnets",
            "data.aws_vpc.vpc"
          ]
        },
        {
          "index_key": 1,
          "schema_version": 0,
          "attributes": {
            "alpn_policy": null,
            "arn": "arn:aws:elasticloadbalancing:us-east-2:500822580415:listener/net/relayers-choice-1-lb-Demo/c4d4dc4833147df1/fbb0630377cb383c",
            "certificate_arn": null,
            "default_action": [
              {
                "authenticate_cognito": [],
                "authenticate_oidc": [],
                "fixed_response": [],
                "forward": [],
                "order": 1,
                "redirect": [],
                "target_group_arn": "arn:aws:elasticloadbalancing:us-east-2:500822580415:targetgroup/Demo20230218161107589100000003/929a1dc7eb2c1fe4",
                "type": "forward"
              }
            ],
            "id": "arn:aws:elasticloadbalancing:us-east-2:500822580415:listener/net/relayers-choice-1-lb-Demo/c4d4dc4833147df1/fbb0630377cb383c",
            "load_balancer_arn": "arn:aws:elasticloadbalancing:us-east-2:500822580415:loadbalancer/net/relayers-choice-1-lb-Demo/c4d4dc4833147df1",
            "port": 9001,
            "protocol": "TCP",
            "ssl_policy": "",
            "tags": {},
            "tags_all": {
              "Env": "STAGE",
              "Project": "relayers-choice",
              "Terraform": "true"
            },
            "timeouts": null
          },
          "sensitive_attributes": [],
          "private": "eyJlMmJmYjczMC1lY2FhLTExZTYtOGY4OC0zNDM2M2JjN2M0YzAiOnsicmVhZCI6NjAwMDAwMDAwMDAwfX0=",
          "dependencies": [
            "aws_lb.main",
            "aws_lb_target_group.http",
            "data.aws_subnets.ec2_public_subnets",
            "data.aws_vpc.vpc"
          ]
        },
        {
          "index_key": 2,
          "schema_version": 0,
          "attributes": {
            "alpn_policy": null,
            "arn": "arn:aws:elasticloadbalancing:us-east-2:500822580415:listener/net/relayers-choice-2-lb-Demo/7d46a78b54cf771e/963bd41f67f0ebda",
            "certificate_arn": null,
            "default_action": [
              {
                "authenticate_cognito": [],
                "authenticate_oidc": [],
                "fixed_response": [],
                "forward": [],
                "order": 1,
                "redirect": [],
                "target_group_arn": "arn:aws:elasticloadbalancing:us-east-2:500822580415:targetgroup/Demo20230218161107590100000005/cdf84159f230d1ea",
                "type": "forward"
              }
            ],
            "id": "arn:aws:elasticloadbalancing:us-east-2:500822580415:listener/net/relayers-choice-2-lb-Demo/7d46a78b54cf771e/963bd41f67f0ebda",
            "load_balancer_arn": "arn:aws:elasticloadbalancing:us-east-2:500822580415:loadbalancer/net/relayers-choice-2-lb-Demo/7d46a78b54cf771e",
            "port": 9001,
            "protocol": "TCP",
            "ssl_policy": "",
            "tags": {},
            "tags_all": {
              "Env": "STAGE",
              "Project": "relayers-choice",
              "Terraform": "true"
            },
            "timeouts": null
          },
          "sensitive_attributes": [],
          "private": "eyJlMmJmYjczMC1lY2FhLTExZTYtOGY4OC0zNDM2M2JjN2M0YzAiOnsicmVhZCI6NjAwMDAwMDAwMDAwfX0=",
          "dependencies": [
            "aws_lb.main",
            "aws_lb_target_group.http",
            "data.aws_subnets.ec2_public_subnets",
            "data.aws_vpc.vpc"
          ]
        }
      ]
    },
    {
      "mode": "managed",
      "type": "aws_lb_listener",
      "name": "tcp",
      "provider": "provider[\"registry.terraform.io/hashicorp/aws\"]",
      "instances": [
        {
          "index_key": 0,
          "schema_version": 0,
          "attributes": {
            "alpn_policy": null,
            "arn": "arn:aws:elasticloadbalancing:us-east-2:500822580415:listener/net/relayers-choice-0-lb-Demo/ddf3ee172832e9e7/4cc99debb06cd84e",
            "certificate_arn": null,
            "default_action": [
              {
                "authenticate_cognito": [],
                "authenticate_oidc": [],
                "fixed_response": [],
                "forward": [],
                "order": 1,
                "redirect": [],
                "target_group_arn": "arn:aws:elasticloadbalancing:us-east-2:500822580415:targetgroup/Demo20230215222728549400000002/60f45fd360f0f0ba",
                "type": "forward"
              }
            ],
            "id": "arn:aws:elasticloadbalancing:us-east-2:500822580415:listener/net/relayers-choice-0-lb-Demo/ddf3ee172832e9e7/4cc99debb06cd84e",
            "load_balancer_arn": "arn:aws:elasticloadbalancing:us-east-2:500822580415:loadbalancer/net/relayers-choice-0-lb-Demo/ddf3ee172832e9e7",
            "port": 9000,
            "protocol": "TCP",
            "ssl_policy": "",
            "tags": {},
            "tags_all": {
              "Env": "STAGE",
              "Project": "relayers-choice",
              "Terraform": "true"
            },
            "timeouts": null
          },
          "sensitive_attributes": [],
          "private": "eyJlMmJmYjczMC1lY2FhLTExZTYtOGY4OC0zNDM2M2JjN2M0YzAiOnsicmVhZCI6NjAwMDAwMDAwMDAwfX0=",
          "dependencies": [
            "aws_lb.main",
            "aws_lb_target_group.tcp",
            "data.aws_subnets.ec2_public_subnets",
            "data.aws_vpc.vpc"
          ]
        },
        {
          "index_key": 1,
          "schema_version": 0,
          "attributes": {
            "alpn_policy": null,
            "arn": "arn:aws:elasticloadbalancing:us-east-2:500822580415:listener/net/relayers-choice-1-lb-Demo/c4d4dc4833147df1/42d5759f25649baf",
            "certificate_arn": null,
            "default_action": [
              {
                "authenticate_cognito": [],
                "authenticate_oidc": [],
                "fixed_response": [],
                "forward": [],
                "order": 1,
                "redirect": [],
                "target_group_arn": "arn:aws:elasticloadbalancing:us-east-2:500822580415:targetgroup/Demo20230218161107589900000004/6ee4c8a885d80ddb",
                "type": "forward"
              }
            ],
            "id": "arn:aws:elasticloadbalancing:us-east-2:500822580415:listener/net/relayers-choice-1-lb-Demo/c4d4dc4833147df1/42d5759f25649baf",
            "load_balancer_arn": "arn:aws:elasticloadbalancing:us-east-2:500822580415:loadbalancer/net/relayers-choice-1-lb-Demo/c4d4dc4833147df1",
            "port": 9000,
            "protocol": "TCP",
            "ssl_policy": "",
            "tags": {},
            "tags_all": {
              "Env": "STAGE",
              "Project": "relayers-choice",
              "Terraform": "true"
            },
            "timeouts": null
          },
          "sensitive_attributes": [],
          "private": "eyJlMmJmYjczMC1lY2FhLTExZTYtOGY4OC0zNDM2M2JjN2M0YzAiOnsicmVhZCI6NjAwMDAwMDAwMDAwfX0=",
          "dependencies": [
            "aws_lb.main",
            "aws_lb_target_group.tcp",
            "data.aws_subnets.ec2_public_subnets",
            "data.aws_vpc.vpc"
          ]
        },
        {
          "index_key": 2,
          "schema_version": 0,
          "attributes": {
            "alpn_policy": null,
            "arn": "arn:aws:elasticloadbalancing:us-east-2:500822580415:listener/net/relayers-choice-2-lb-Demo/7d46a78b54cf771e/90051a0e207e2083",
            "certificate_arn": null,
            "default_action": [
              {
                "authenticate_cognito": [],
                "authenticate_oidc": [],
                "fixed_response": [],
                "forward": [],
                "order": 1,
                "redirect": [],
                "target_group_arn": "arn:aws:elasticloadbalancing:us-east-2:500822580415:targetgroup/Demo20230218161107590200000006/388e4d962bafd05d",
                "type": "forward"
              }
            ],
            "id": "arn:aws:elasticloadbalancing:us-east-2:500822580415:listener/net/relayers-choice-2-lb-Demo/7d46a78b54cf771e/90051a0e207e2083",
            "load_balancer_arn": "arn:aws:elasticloadbalancing:us-east-2:500822580415:loadbalancer/net/relayers-choice-2-lb-Demo/7d46a78b54cf771e",
            "port": 9000,
            "protocol": "TCP",
            "ssl_policy": "",
            "tags": {},
            "tags_all": {
              "Env": "STAGE",
              "Project": "relayers-choice",
              "Terraform": "true"
            },
            "timeouts": null
          },
          "sensitive_attributes": [],
          "private": "eyJlMmJmYjczMC1lY2FhLTExZTYtOGY4OC0zNDM2M2JjN2M0YzAiOnsicmVhZCI6NjAwMDAwMDAwMDAwfX0=",
          "dependencies": [
            "aws_lb.main",
            "aws_lb_target_group.tcp",
            "data.aws_subnets.ec2_public_subnets",
            "data.aws_vpc.vpc"
          ]
        }
      ]
    },
    {
      "mode": "managed",
      "type": "aws_lb_target_group",
      "name": "http",
      "provider": "provider[\"registry.terraform.io/hashicorp/aws\"]",
      "instances": [
        {
          "index_key": 0,
          "schema_version": 0,
          "attributes": {
            "arn": "arn:aws:elasticloadbalancing:us-east-2:500822580415:targetgroup/Demo20230215222728549000000001/5c6c31eff912053c",
            "arn_suffix": "targetgroup/Demo20230215222728549000000001/5c6c31eff912053c",
            "connection_termination": false,
            "deregistration_delay": "300",
            "health_check": [
              {
                "enabled": true,
                "healthy_threshold": 3,
                "interval": 30,
                "matcher": "200-399",
                "path": "/health",
                "port": "traffic-port",
                "protocol": "HTTP",
                "timeout": 6,
                "unhealthy_threshold": 3
              }
            ],
            "id": "arn:aws:elasticloadbalancing:us-east-2:500822580415:targetgroup/Demo20230215222728549000000001/5c6c31eff912053c",
            "lambda_multi_value_headers_enabled": false,
            "load_balancing_algorithm_type": null,
            "name": "Demo20230215222728549000000001",
            "name_prefix": "Demo",
            "port": 9001,
            "preserve_client_ip": "false",
            "protocol": "TCP",
            "protocol_version": null,
            "proxy_protocol_v2": false,
            "slow_start": 0,
            "stickiness": [
              {
                "cookie_duration": 0,
                "cookie_name": "",
                "enabled": false,
                "type": "source_ip"
              }
            ],
            "tags": {},
            "tags_all": {
              "Env": "STAGE",
              "Project": "relayers-choice",
              "Terraform": "true"
            },
            "target_type": "ip",
            "vpc_id": "vpc-05e950625156efff2"
          },
          "sensitive_attributes": [],
          "private": "bnVsbA==",
          "dependencies": [
            "aws_lb.main",
            "data.aws_subnets.ec2_public_subnets",
            "data.aws_vpc.vpc"
          ],
          "create_before_destroy": true
        },
        {
          "index_key": 1,
          "schema_version": 0,
          "attributes": {
            "arn": "arn:aws:elasticloadbalancing:us-east-2:500822580415:targetgroup/Demo20230218161107589100000003/929a1dc7eb2c1fe4",
            "arn_suffix": "targetgroup/Demo20230218161107589100000003/929a1dc7eb2c1fe4",
            "connection_termination": false,
            "deregistration_delay": "300",
            "health_check": [
              {
                "enabled": true,
                "healthy_threshold": 3,
                "interval": 30,
                "matcher": "200-399",
                "path": "/health",
                "port": "traffic-port",
                "protocol": "HTTP",
                "timeout": 6,
                "unhealthy_threshold": 3
              }
            ],
            "id": "arn:aws:elasticloadbalancing:us-east-2:500822580415:targetgroup/Demo20230218161107589100000003/929a1dc7eb2c1fe4",
            "lambda_multi_value_headers_enabled": false,
            "load_balancing_algorithm_type": null,
            "name": "Demo20230218161107589100000003",
            "name_prefix": "Demo",
            "port": 9001,
            "preserve_client_ip": "false",
            "protocol": "TCP",
            "protocol_version": null,
            "proxy_protocol_v2": false,
            "slow_start": 0,
            "stickiness": [
              {
                "cookie_duration": 0,
                "cookie_name": "",
                "enabled": false,
                "type": "source_ip"
              }
            ],
            "tags": {},
            "tags_all": {
              "Env": "STAGE",
              "Project": "relayers-choice",
              "Terraform": "true"
            },
            "target_type": "ip",
            "vpc_id": "vpc-05e950625156efff2"
          },
          "sensitive_attributes": [],
          "private": "bnVsbA==",
          "dependencies": [
            "aws_lb.main",
            "data.aws_subnets.ec2_public_subnets",
            "data.aws_vpc.vpc"
          ],
          "create_before_destroy": true
        },
        {
          "index_key": 2,
          "schema_version": 0,
          "attributes": {
            "arn": "arn:aws:elasticloadbalancing:us-east-2:500822580415:targetgroup/Demo20230218161107590100000005/cdf84159f230d1ea",
            "arn_suffix": "targetgroup/Demo20230218161107590100000005/cdf84159f230d1ea",
            "connection_termination": false,
            "deregistration_delay": "300",
            "health_check": [
              {
                "enabled": true,
                "healthy_threshold": 3,
                "interval": 30,
                "matcher": "200-399",
                "path": "/health",
                "port": "traffic-port",
                "protocol": "HTTP",
                "timeout": 6,
                "unhealthy_threshold": 3
              }
            ],
            "id": "arn:aws:elasticloadbalancing:us-east-2:500822580415:targetgroup/Demo20230218161107590100000005/cdf84159f230d1ea",
            "lambda_multi_value_headers_enabled": false,
            "load_balancing_algorithm_type": null,
            "name": "Demo20230218161107590100000005",
            "name_prefix": "Demo",
            "port": 9001,
            "preserve_client_ip": "false",
            "protocol": "TCP",
            "protocol_version": null,
            "proxy_protocol_v2": false,
            "slow_start": 0,
            "stickiness": [
              {
                "cookie_duration": 0,
                "cookie_name": "",
                "enabled": false,
                "type": "source_ip"
              }
            ],
            "tags": {},
            "tags_all": {
              "Env": "STAGE",
              "Project": "relayers-choice",
              "Terraform": "true"
            },
            "target_type": "ip",
            "vpc_id": "vpc-05e950625156efff2"
          },
          "sensitive_attributes": [],
          "private": "bnVsbA==",
          "dependencies": [
            "aws_lb.main",
            "data.aws_subnets.ec2_public_subnets",
            "data.aws_vpc.vpc"
          ],
          "create_before_destroy": true
        }
      ]
    },
    {
      "mode": "managed",
      "type": "aws_lb_target_group",
      "name": "tcp",
      "provider": "provider[\"registry.terraform.io/hashicorp/aws\"]",
      "instances": [
        {
          "index_key": 0,
          "schema_version": 0,
          "attributes": {
            "arn": "arn:aws:elasticloadbalancing:us-east-2:500822580415:targetgroup/Demo20230215222728549400000002/60f45fd360f0f0ba",
            "arn_suffix": "targetgroup/Demo20230215222728549400000002/60f45fd360f0f0ba",
            "connection_termination": false,
            "deregistration_delay": "300",
            "health_check": [
              {
                "enabled": true,
                "healthy_threshold": 3,
                "interval": 30,
                "matcher": "200-399",
                "path": "/health",
                "port": "9001",
                "protocol": "HTTP",
                "timeout": 6,
                "unhealthy_threshold": 3
              }
            ],
            "id": "arn:aws:elasticloadbalancing:us-east-2:500822580415:targetgroup/Demo20230215222728549400000002/60f45fd360f0f0ba",
            "lambda_multi_value_headers_enabled": false,
            "load_balancing_algorithm_type": null,
            "name": "Demo20230215222728549400000002",
            "name_prefix": "Demo",
            "port": 9000,
            "preserve_client_ip": "false",
            "protocol": "TCP",
            "protocol_version": null,
            "proxy_protocol_v2": false,
            "slow_start": 0,
            "stickiness": [
              {
                "cookie_duration": 0,
                "cookie_name": "",
                "enabled": false,
                "type": "source_ip"
              }
            ],
            "tags": {},
            "tags_all": {
              "Env": "STAGE",
              "Project": "relayers-choice",
              "Terraform": "true"
            },
            "target_type": "ip",
            "vpc_id": "vpc-05e950625156efff2"
          },
          "sensitive_attributes": [],
          "private": "bnVsbA==",
          "dependencies": [
            "aws_lb.main",
            "data.aws_subnets.ec2_public_subnets",
            "data.aws_vpc.vpc"
          ],
          "create_before_destroy": true
        },
        {
          "index_key": 1,
          "schema_version": 0,
          "attributes": {
            "arn": "arn:aws:elasticloadbalancing:us-east-2:500822580415:targetgroup/Demo20230218161107589900000004/6ee4c8a885d80ddb",
            "arn_suffix": "targetgroup/Demo20230218161107589900000004/6ee4c8a885d80ddb",
            "connection_termination": false,
            "deregistration_delay": "300",
            "health_check": [
              {
                "enabled": true,
                "healthy_threshold": 3,
                "interval": 30,
                "matcher": "200-399",
                "path": "/health",
                "port": "9001",
                "protocol": "HTTP",
                "timeout": 6,
                "unhealthy_threshold": 3
              }
            ],
            "id": "arn:aws:elasticloadbalancing:us-east-2:500822580415:targetgroup/Demo20230218161107589900000004/6ee4c8a885d80ddb",
            "lambda_multi_value_headers_enabled": false,
            "load_balancing_algorithm_type": null,
            "name": "Demo20230218161107589900000004",
            "name_prefix": "Demo",
            "port": 9000,
            "preserve_client_ip": "false",
            "protocol": "TCP",
            "protocol_version": null,
            "proxy_protocol_v2": false,
            "slow_start": 0,
            "stickiness": [
              {
                "cookie_duration": 0,
                "cookie_name": "",
                "enabled": false,
                "type": "source_ip"
              }
            ],
            "tags": {},
            "tags_all": {
              "Env": "STAGE",
              "Project": "relayers-choice",
              "Terraform": "true"
            },
            "target_type": "ip",
            "vpc_id": "vpc-05e950625156efff2"
          },
          "sensitive_attributes": [],
          "private": "bnVsbA==",
          "dependencies": [
            "aws_lb.main",
            "data.aws_subnets.ec2_public_subnets",
            "data.aws_vpc.vpc"
          ],
          "create_before_destroy": true
        },
        {
          "index_key": 2,
          "schema_version": 0,
          "attributes": {
            "arn": "arn:aws:elasticloadbalancing:us-east-2:500822580415:targetgroup/Demo20230218161107590200000006/388e4d962bafd05d",
            "arn_suffix": "targetgroup/Demo20230218161107590200000006/388e4d962bafd05d",
            "connection_termination": false,
            "deregistration_delay": "300",
            "health_check": [
              {
                "enabled": true,
                "healthy_threshold": 3,
                "interval": 30,
                "matcher": "200-399",
                "path": "/health",
                "port": "9001",
                "protocol": "HTTP",
                "timeout": 6,
                "unhealthy_threshold": 3
              }
            ],
            "id": "arn:aws:elasticloadbalancing:us-east-2:500822580415:targetgroup/Demo20230218161107590200000006/388e4d962bafd05d",
            "lambda_multi_value_headers_enabled": false,
            "load_balancing_algorithm_type": null,
            "name": "Demo20230218161107590200000006",
            "name_prefix": "Demo",
            "port": 9000,
            "preserve_client_ip": "false",
            "protocol": "TCP",
            "protocol_version": null,
            "proxy_protocol_v2": false,
            "slow_start": 0,
            "stickiness": [
              {
                "cookie_duration": 0,
                "cookie_name": "",
                "enabled": false,
                "type": "source_ip"
              }
            ],
            "tags": {},
            "tags_all": {
              "Env": "STAGE",
              "Project": "relayers-choice",
              "Terraform": "true"
            },
            "target_type": "ip",
            "vpc_id": "vpc-05e950625156efff2"
          },
          "sensitive_attributes": [],
          "private": "bnVsbA==",
          "dependencies": [
            "aws_lb.main",
            "data.aws_subnets.ec2_public_subnets",
            "data.aws_vpc.vpc"
          ],
          "create_before_destroy": true
        }
      ]
    },
    {
      "mode": "managed",
      "type": "aws_s3_bucket",
      "name": "config",
      "provider": "provider[\"registry.terraform.io/hashicorp/aws\"]",
      "instances": [
        {
          "schema_version": 0,
          "attributes": {
            "acceleration_status": "",
            "acl": null,
            "arn": "arn:aws:s3:::relayers-choice-stage",
            "bucket": "relayers-choice-stage",
            "bucket_domain_name": "relayers-choice-stage.s3.amazonaws.com",
            "bucket_prefix": null,
            "bucket_regional_domain_name": "relayers-choice-stage.s3.us-east-2.amazonaws.com",
            "cors_rule": [],
            "force_destroy": false,
            "grant": [
              {
                "id": "a793cc31ff235346f8d10b137b68a14917ba0d0ebf00d6ed6a3caf1dc18128b2",
                "permissions": [
                  "FULL_CONTROL"
                ],
                "type": "CanonicalUser",
                "uri": ""
              }
            ],
            "hosted_zone_id": "Z2O1EMRO9K5GLX",
            "id": "relayers-choice-stage",
            "lifecycle_rule": [],
            "logging": [],
            "object_lock_configuration": [],
            "object_lock_enabled": false,
            "policy": "",
            "region": "us-east-2",
            "replication_configuration": [],
            "request_payer": "BucketOwner",
            "server_side_encryption_configuration": [],
            "tags": {
              "Name": "relayers-choice-stage"
            },
            "tags_all": {
              "Env": "STAGE",
              "Name": "relayers-choice-stage",
              "Project": "relayers-choice",
              "Terraform": "true"
            },
            "versioning": [
              {
                "enabled": true,
                "mfa_delete": false
              }
            ],
            "website": [],
            "website_domain": null,
            "website_endpoint": null
          },
          "sensitive_attributes": [],
          "private": "bnVsbA=="
        }
      ]
    },
    {
      "mode": "managed",
      "type": "aws_s3_bucket_acl",
      "name": "acl",
      "provider": "provider[\"registry.terraform.io/hashicorp/aws\"]",
      "instances": [
        {
          "schema_version": 0,
          "attributes": {
            "access_control_policy": [
              {
                "grant": [
                  {
                    "grantee": [
                      {
                        "display_name": "",
                        "email_address": "",
                        "id": "a793cc31ff235346f8d10b137b68a14917ba0d0ebf00d6ed6a3caf1dc18128b2",
                        "type": "CanonicalUser",
                        "uri": ""
                      }
                    ],
                    "permission": "FULL_CONTROL"
                  }
                ],
                "owner": [
                  {
                    "display_name": "",
                    "id": "a793cc31ff235346f8d10b137b68a14917ba0d0ebf00d6ed6a3caf1dc18128b2"
                  }
                ]
              }
            ],
            "acl": "private",
            "bucket": "relayers-choice-stage",
            "expected_bucket_owner": "",
            "id": "relayers-choice-stage,private"
          },
          "sensitive_attributes": [],
          "private": "bnVsbA==",
          "dependencies": [
            "aws_s3_bucket.config"
          ]
        }
      ]
    },
    {
      "mode": "managed",
      "type": "aws_s3_bucket_versioning",
      "name": "versioning",
      "provider": "provider[\"registry.terraform.io/hashicorp/aws\"]",
      "instances": [
        {
          "schema_version": 0,
          "attributes": {
            "bucket": "relayers-choice-stage",
            "expected_bucket_owner": "",
            "id": "relayers-choice-stage",
            "mfa": null,
            "versioning_configuration": [
              {
                "mfa_delete": "",
                "status": "Enabled"
              }
            ]
          },
          "sensitive_attributes": [],
          "private": "bnVsbA==",
          "dependencies": [
            "aws_s3_bucket.config"
          ]
        }
      ]
    },
    {
      "mode": "managed",
      "type": "aws_security_group",
      "name": "ecs_tasks",
      "provider": "provider[\"registry.terraform.io/hashicorp/aws\"]",
      "instances": [
        {
          "schema_version": 1,
          "attributes": {
            "arn": "arn:aws:ec2:us-east-2:500822580415:security-group/sg-0a0bf68d1845e0213",
            "description": "Managed by Terraform",
            "egress": [
              {
                "cidr_blocks": [
                  "0.0.0.0/0"
                ],
                "description": "",
                "from_port": 0,
                "ipv6_cidr_blocks": [
                  "::/0"
                ],
                "prefix_list_ids": [],
                "protocol": "-1",
                "security_groups": [],
                "self": false,
                "to_port": 0
              }
            ],
            "id": "sg-0a0bf68d1845e0213",
            "ingress": [
              {
                "cidr_blocks": [
                  "0.0.0.0/0"
                ],
                "description": "",
                "from_port": 443,
                "ipv6_cidr_blocks": [
                  "::/0"
                ],
                "prefix_list_ids": [],
                "protocol": "tcp",
                "security_groups": [],
                "self": false,
                "to_port": 443
              },
              {
                "cidr_blocks": [
                  "0.0.0.0/0"
                ],
                "description": "",
                "from_port": 80,
                "ipv6_cidr_blocks": [
                  "::/0"
                ],
                "prefix_list_ids": [],
                "protocol": "tcp",
                "security_groups": [],
                "self": false,
                "to_port": 80
              },
              {
                "cidr_blocks": [
                  "0.0.0.0/0"
                ],
                "description": "",
                "from_port": 9000,
                "ipv6_cidr_blocks": [],
                "prefix_list_ids": [],
                "protocol": "tcp",
                "security_groups": [],
                "self": false,
                "to_port": 9000
              },
              {
                "cidr_blocks": [
                  "0.0.0.0/0"
                ],
                "description": "",
                "from_port": 9001,
                "ipv6_cidr_blocks": [],
                "prefix_list_ids": [],
                "protocol": "tcp",
                "security_groups": [],
                "self": false,
                "to_port": 9001
              }
            ],
            "name": "relayers-choice-sg-task-Demo",
            "name_prefix": "",
            "owner_id": "500822580415",
            "revoke_rules_on_delete": false,
            "tags": {},
            "tags_all": {
              "Env": "STAGE",
              "Project": "relayers-choice",
              "Terraform": "true"
            },
            "timeouts": null,
            "vpc_id": "vpc-05e950625156efff2"
          },
          "sensitive_attributes": [],
          "private": "eyJlMmJmYjczMC1lY2FhLTExZTYtOGY4OC0zNDM2M2JjN2M0YzAiOnsiY3JlYXRlIjo2MDAwMDAwMDAwMDAsImRlbGV0ZSI6OTAwMDAwMDAwMDAwfSwic2NoZW1hX3ZlcnNpb24iOiIxIn0=",
          "dependencies": [
            "data.aws_vpc.vpc"
          ],
          "create_before_destroy": true
        }
      ]
    },
    {
      "mode": "managed",
      "type": "aws_security_group",
      "name": "efs",
      "provider": "provider[\"registry.terraform.io/hashicorp/aws\"]",
      "instances": [
        {
          "schema_version": 1,
          "attributes": {
            "arn": "arn:aws:ec2:us-east-2:500822580415:security-group/sg-009cb48e089cf6cc2",
            "description": "Allows NFS traffic from instances within the VPC.",
            "egress": [
              {
                "cidr_blocks": [
                  "10.0.0.0/16"
                ],
                "description": "",
                "from_port": 2049,
                "ipv6_cidr_blocks": [],
                "prefix_list_ids": [],
                "protocol": "tcp",
                "security_groups": [],
                "self": false,
                "to_port": 2049
              }
            ],
            "id": "sg-009cb48e089cf6cc2",
            "ingress": [
              {
                "cidr_blocks": [
                  "10.0.0.0/16"
                ],
                "description": "",
                "from_port": 2049,
                "ipv6_cidr_blocks": [],
                "prefix_list_ids": [],
                "protocol": "tcp",
                "security_groups": [],
                "self": false,
                "to_port": 2049
              }
            ],
            "name": "relayers-choice-efs-Demo",
            "name_prefix": "",
            "owner_id": "500822580415",
            "revoke_rules_on_delete": false,
            "tags": {
              "Name": "relayers-choice-efs-Demo"
            },
            "tags_all": {
              "Env": "STAGE",
              "Name": "relayers-choice-efs-Demo",
              "Project": "relayers-choice",
              "Terraform": "true"
            },
            "timeouts": null,
            "vpc_id": "vpc-05e950625156efff2"
          },
          "sensitive_attributes": [],
          "private": "eyJlMmJmYjczMC1lY2FhLTExZTYtOGY4OC0zNDM2M2JjN2M0YzAiOnsiY3JlYXRlIjo2MDAwMDAwMDAwMDAsImRlbGV0ZSI6OTAwMDAwMDAwMDAwfSwic2NoZW1hX3ZlcnNpb24iOiIxIn0=",
          "dependencies": [
            "data.aws_vpc.vpc"
          ]
        }
      ]
    },
    {
      "mode": "managed",
      "type": "aws_security_group",
      "name": "lb",
      "provider": "provider[\"registry.terraform.io/hashicorp/aws\"]",
      "instances": [
        {
          "schema_version": 1,
          "attributes": {
            "arn": "arn:aws:ec2:us-east-2:500822580415:security-group/sg-039289888f192b069",
            "description": "Managed by Terraform",
            "egress": [
              {
                "cidr_blocks": [
                  "0.0.0.0/0"
                ],
                "description": "",
                "from_port": 0,
                "ipv6_cidr_blocks": [
                  "::/0"
                ],
                "prefix_list_ids": [],
                "protocol": "-1",
                "security_groups": [],
                "self": false,
                "to_port": 0
              }
            ],
            "id": "sg-039289888f192b069",
            "ingress": [
              {
                "cidr_blocks": [
                  "0.0.0.0/0"
                ],
                "description": "",
                "from_port": 443,
                "ipv6_cidr_blocks": [
                  "::/0"
                ],
                "prefix_list_ids": [],
                "protocol": "tcp",
                "security_groups": [],
                "self": false,
                "to_port": 443
              },
              {
                "cidr_blocks": [
                  "0.0.0.0/0"
                ],
                "description": "",
                "from_port": 80,
                "ipv6_cidr_blocks": [
                  "::/0"
                ],
                "prefix_list_ids": [],
                "protocol": "tcp",
                "security_groups": [],
                "self": false,
                "to_port": 80
              },
              {
                "cidr_blocks": [
                  "0.0.0.0/0"
                ],
                "description": "",
                "from_port": 9000,
                "ipv6_cidr_blocks": [
                  "::/0"
                ],
                "prefix_list_ids": [],
                "protocol": "tcp",
                "security_groups": [],
                "self": false,
                "to_port": 9000
              },
              {
                "cidr_blocks": [
                  "0.0.0.0/0"
                ],
                "description": "",
                "from_port": 9001,
                "ipv6_cidr_blocks": [],
                "prefix_list_ids": [],
                "protocol": "tcp",
                "security_groups": [],
                "self": false,
                "to_port": 9001
              }
            ],
            "name": "relayers-choice-sg-alb-Demo",
            "name_prefix": "",
            "owner_id": "500822580415",
            "revoke_rules_on_delete": false,
            "tags": {},
            "tags_all": {
              "Env": "STAGE",
              "Project": "relayers-choice",
              "Terraform": "true"
            },
            "timeouts": null,
            "vpc_id": "vpc-05e950625156efff2"
          },
          "sensitive_attributes": [],
          "private": "eyJlMmJmYjczMC1lY2FhLTExZTYtOGY4OC0zNDM2M2JjN2M0YzAiOnsiY3JlYXRlIjo2MDAwMDAwMDAwMDAsImRlbGV0ZSI6OTAwMDAwMDAwMDAwfSwic2NoZW1hX3ZlcnNpb24iOiIxIn0=",
          "dependencies": [
            "data.aws_vpc.vpc"
          ],
          "create_before_destroy": true
        }
      ]
    },
    {
      "mode": "managed",
      "type": "aws_service_discovery_private_dns_namespace",
      "name": "ecs-service-namespace",
      "provider": "provider[\"registry.terraform.io/hashicorp/aws\"]",
      "instances": [
        {
          "schema_version": 0,
          "attributes": {
            "arn": "arn:aws:servicediscovery:us-east-2:500822580415:namespace/ns-7o4fbijo7xtutzfo",
            "description": "relayers-choice Demo namespace",
            "hosted_zone": "Z04327202T71MS2C4XO9V",
            "id": "ns-7o4fbijo7xtutzfo",
            "name": "relayers-choice-Demo",
            "tags": {},
            "tags_all": {
              "Env": "STAGE",
              "Project": "relayers-choice",
              "Terraform": "true"
            },
            "vpc": "vpc-05e950625156efff2"
          },
          "sensitive_attributes": [],
          "private": "bnVsbA==",
          "dependencies": [
            "data.aws_vpc.vpc"
          ]
        }
      ]
    },
    {
      "mode": "managed",
      "type": "aws_service_discovery_service",
      "name": "ecs-service-discovery",
      "provider": "provider[\"registry.terraform.io/hashicorp/aws\"]",
      "instances": [
        {
          "index_key": 0,
          "schema_version": 0,
          "attributes": {
            "arn": "arn:aws:servicediscovery:us-east-2:500822580415:service/srv-iqrxqlg2mua2xjhd",
            "description": "",
            "dns_config": [
              {
                "dns_records": [
                  {
                    "ttl": 10,
                    "type": "A"
                  }
                ],
                "namespace_id": "ns-7o4fbijo7xtutzfo",
                "routing_policy": "WEIGHTED"
              }
            ],
            "force_destroy": false,
            "health_check_config": [],
            "health_check_custom_config": [
              {
                "failure_threshold": 1
              }
            ],
            "id": "srv-iqrxqlg2mua2xjhd",
            "name": "relayers-choice-0",
            "namespace_id": "ns-7o4fbijo7xtutzfo",
            "tags": {},
            "tags_all": {
              "Env": "STAGE",
              "Project": "relayers-choice",
              "Terraform": "true"
            }
          },
          "sensitive_attributes": [],
          "private": "bnVsbA==",
          "dependencies": [
            "aws_service_discovery_private_dns_namespace.ecs-service-namespace",
            "data.aws_vpc.vpc"
          ]
        },
        {
          "index_key": 1,
          "schema_version": 0,
          "attributes": {
            "arn": "arn:aws:servicediscovery:us-east-2:500822580415:service/srv-e6ab4sqhlcq7xdql",
            "description": "",
            "dns_config": [
              {
                "dns_records": [
                  {
                    "ttl": 10,
                    "type": "A"
                  }
                ],
                "namespace_id": "ns-7o4fbijo7xtutzfo",
                "routing_policy": "WEIGHTED"
              }
            ],
            "force_destroy": false,
            "health_check_config": [],
            "health_check_custom_config": [
              {
                "failure_threshold": 1
              }
            ],
            "id": "srv-e6ab4sqhlcq7xdql",
            "name": "relayers-choice-1",
            "namespace_id": "ns-7o4fbijo7xtutzfo",
            "tags": {},
            "tags_all": {
              "Env": "STAGE",
              "Project": "relayers-choice",
              "Terraform": "true"
            }
          },
          "sensitive_attributes": [],
          "private": "bnVsbA==",
          "dependencies": [
            "aws_service_discovery_private_dns_namespace.ecs-service-namespace",
            "data.aws_vpc.vpc"
          ]
        },
        {
          "index_key": 2,
          "schema_version": 0,
          "attributes": {
            "arn": "arn:aws:servicediscovery:us-east-2:500822580415:service/srv-hpifliffzmk4gy5v",
            "description": "",
            "dns_config": [
              {
                "dns_records": [
                  {
                    "ttl": 10,
                    "type": "A"
                  }
                ],
                "namespace_id": "ns-7o4fbijo7xtutzfo",
                "routing_policy": "WEIGHTED"
              }
            ],
            "force_destroy": false,
            "health_check_config": [],
            "health_check_custom_config": [
              {
                "failure_threshold": 1
              }
            ],
            "id": "srv-hpifliffzmk4gy5v",
            "name": "relayers-choice-2",
            "namespace_id": "ns-7o4fbijo7xtutzfo",
            "tags": {},
            "tags_all": {
              "Env": "STAGE",
              "Project": "relayers-choice",
              "Terraform": "true"
            }
          },
          "sensitive_attributes": [],
          "private": "bnVsbA==",
          "dependencies": [
            "aws_service_discovery_private_dns_namespace.ecs-service-namespace",
            "data.aws_vpc.vpc"
          ]
        }
      ]
    }
  ]
}
